
Microsoft Visual Studio Solution File, Format Version 12.00
# Visual Studio 15
VisualStudioVersion = 15.0.28307.489
MinimumVisualStudioVersion = 10.0.40219.1
Project("{FAE04EC0-301F-11D3-BF4B-00C04F79EFBC}") = "WpfApp2", "WpfApp2\WpfApp2.csproj", "{F6EB37AB-B7EC-4DCA-A588-515BEE161062}"
EndProject
Global
	GlobalSection(SolutionConfigurationPlatforms) = preSolution
		Debug|Any CPU = Debug|Any CPU
		Release|Any CPU = Release|Any CPU
	EndGlobalSection
	GlobalSection(ProjectConfigurationPlatforms) = postSolution
		{F6EB37AB-B7EC-4DCA-A588-515BEE161062}.Debug|Any CPU.ActiveCfg = Debug|Any CPU
		{F6EB37AB-B7EC-4DCA-A588-515BEE161062}.Debug|Any CPU.Build.0 = Debug|Any CPU
		{F6EB37AB-B7EC-4DCA-A588-515BEE161062}.Release|Any CPU.ActiveCfg = Release|Any CPU
		{F6EB37AB-B7EC-4DCA-A588-515BEE161062}.Release|Any CPU.Build.0 = Release|Any CPU
	EndGlobalSection
	GlobalSection(SolutionProperties) = preSolution
		HideSolutionNode = FALSE
	EndGlobalSection
	GlobalSection(ExtensibilityGlobals) = postSolution
		SolutionGuid = {D2CA3A6C-AD6D-4442-B0F0-1CDC001637A0}
	EndGlobalSection
EndGlobal
