
Microsoft Visual Studio Solution File, Format Version 12.00
# Visual Studio 15
VisualStudioVersion = 15.0.28307.489
MinimumVisualStudioVersion = 10.0.40219.1
Project("{FAE04EC0-301F-11D3-BF4B-00C04F79EFBC}") = "DFS", "DFS\DFS.csproj", "{0CB0CA97-EFE5-418A-924B-DC02D68C4442}"
EndProject
Global
	GlobalSection(SolutionConfigurationPlatforms) = preSolution
		Debug|Any CPU = Debug|Any CPU
		Release|Any CPU = Release|Any CPU
	EndGlobalSection
	GlobalSection(ProjectConfigurationPlatforms) = postSolution
		{0CB0CA97-EFE5-418A-924B-DC02D68C4442}.Debug|Any CPU.ActiveCfg = Debug|Any CPU
		{0CB0CA97-EFE5-418A-924B-DC02D68C4442}.Debug|Any CPU.Build.0 = Debug|Any CPU
		{0CB0CA97-EFE5-418A-924B-DC02D68C4442}.Release|Any CPU.ActiveCfg = Release|Any CPU
		{0CB0CA97-EFE5-418A-924B-DC02D68C4442}.Release|Any CPU.Build.0 = Release|Any CPU
	EndGlobalSection
	GlobalSection(SolutionProperties) = preSolution
		HideSolutionNode = FALSE
	EndGlobalSection
	GlobalSection(ExtensibilityGlobals) = postSolution
		SolutionGuid = {1CCFA649-6EA0-4A21-A395-B1E245C21FDD}
	EndGlobalSection
EndGlobal
